
Microsoft Visual Studio Solution File, Format Version 12.00
# Visual Studio Version 17
VisualStudioVersion = 17.11.35327.3
MinimumVisualStudioVersion = 10.0.40219.1
Project("{9A19103F-16F7-4668-BE54-9A1E7A4F7556}") = "Client", "Client\Client.csproj", "{EAA97DE2-2ED9-4830-9788-51545047E2A1}"
EndProject
Project("{9A19103F-16F7-4668-BE54-9A1E7A4F7556}") = "Server", "Server\Server.csproj", "{DF3B4154-A290-4D4B-ACB3-54449945EE93}"
EndProject
Project("{9A19103F-16F7-4668-BE54-9A1E7A4F7556}") = "Common", "Common\Common.csproj", "{31F0CE08-1AE2-4E63-AF55-EF9830EFCF4A}"
EndProject
Project("{9A19103F-16F7-4668-BE54-9A1E7A4F7556}") = "DBBroker", "DBBroker\DBBroker.csproj", "{C858702C-B796-4AB3-A555-857F8BB6170E}"
EndProject
Global
	GlobalSection(SolutionConfigurationPlatforms) = preSolution
		Debug|Any CPU = Debug|Any CPU
		Release|Any CPU = Release|Any CPU
	EndGlobalSection
	GlobalSection(ProjectConfigurationPlatforms) = postSolution
		{EAA97DE2-2ED9-4830-9788-51545047E2A1}.Debug|Any CPU.ActiveCfg = Debug|Any CPU
		{EAA97DE2-2ED9-4830-9788-51545047E2A1}.Debug|Any CPU.Build.0 = Debug|Any CPU
		{EAA97DE2-2ED9-4830-9788-51545047E2A1}.Release|Any CPU.ActiveCfg = Release|Any CPU
		{EAA97DE2-2ED9-4830-9788-51545047E2A1}.Release|Any CPU.Build.0 = Release|Any CPU
		{DF3B4154-A290-4D4B-ACB3-54449945EE93}.Debug|Any CPU.ActiveCfg = Debug|Any CPU
		{DF3B4154-A290-4D4B-ACB3-54449945EE93}.Debug|Any CPU.Build.0 = Debug|Any CPU
		{DF3B4154-A290-4D4B-ACB3-54449945EE93}.Release|Any CPU.ActiveCfg = Release|Any CPU
		{DF3B4154-A290-4D4B-ACB3-54449945EE93}.Release|Any CPU.Build.0 = Release|Any CPU
		{31F0CE08-1AE2-4E63-AF55-EF9830EFCF4A}.Debug|Any CPU.ActiveCfg = Debug|Any CPU
		{31F0CE08-1AE2-4E63-AF55-EF9830EFCF4A}.Debug|Any CPU.Build.0 = Debug|Any CPU
		{31F0CE08-1AE2-4E63-AF55-EF9830EFCF4A}.Release|Any CPU.ActiveCfg = Release|Any CPU
		{31F0CE08-1AE2-4E63-AF55-EF9830EFCF4A}.Release|Any CPU.Build.0 = Release|Any CPU
		{C858702C-B796-4AB3-A555-857F8BB6170E}.Debug|Any CPU.ActiveCfg = Debug|Any CPU
		{C858702C-B796-4AB3-A555-857F8BB6170E}.Debug|Any CPU.Build.0 = Debug|Any CPU
		{C858702C-B796-4AB3-A555-857F8BB6170E}.Release|Any CPU.ActiveCfg = Release|Any CPU
		{C858702C-B796-4AB3-A555-857F8BB6170E}.Release|Any CPU.Build.0 = Release|Any CPU
	EndGlobalSection
	GlobalSection(SolutionProperties) = preSolution
		HideSolutionNode = FALSE
	EndGlobalSection
	GlobalSection(ExtensibilityGlobals) = postSolution
		SolutionGuid = {EF395017-8537-4DDF-BBBE-108157DC0E20}
	EndGlobalSection
EndGlobal
